
Microsoft Visual Studio Solution File, Format Version 12.00
# Visual Studio Version 16
VisualStudioVersion = 16.0.31019.35
MinimumVisualStudioVersion = 10.0.40219.1
Project("{FAE04EC0-301F-11D3-BF4B-00C04F79EFBC}") = "PerancanganAnalisa1", "PerancanganAnalisa1\PerancanganAnalisa1.csproj", "{259F3A56-24EC-4E48-9AE5-F673B805D87F}"
EndProject
Global
	GlobalSection(SolutionConfigurationPlatforms) = preSolution
		Debug|Any CPU = Debug|Any CPU
		Release|Any CPU = Release|Any CPU
	EndGlobalSection
	GlobalSection(ProjectConfigurationPlatforms) = postSolution
		{259F3A56-24EC-4E48-9AE5-F673B805D87F}.Debug|Any CPU.ActiveCfg = Debug|Any CPU
		{259F3A56-24EC-4E48-9AE5-F673B805D87F}.Debug|Any CPU.Build.0 = Debug|Any CPU
		{259F3A56-24EC-4E48-9AE5-F673B805D87F}.Release|Any CPU.ActiveCfg = Release|Any CPU
		{259F3A56-24EC-4E48-9AE5-F673B805D87F}.Release|Any CPU.Build.0 = Release|Any CPU
	EndGlobalSection
	GlobalSection(SolutionProperties) = preSolution
		HideSolutionNode = FALSE
	EndGlobalSection
	GlobalSection(ExtensibilityGlobals) = postSolution
		SolutionGuid = {B1AB3775-9E0D-4D9C-A95A-162C4A7B8D67}
	EndGlobalSection
EndGlobal
